PODS:
  - Alamofire (3.4.1)
  - AlamofireObjectMapper (3.0.0):
    - Alamofire (~> 3.2)
    - ObjectMapper (~> 1.0)
  - Charts (2.2.5):
    - Charts/Core (= 2.2.5)
  - Charts/Core (2.2.5)
  - ObjectMapper (1.3.0)
  - SwiftyJSON (2.3.2)

DEPENDENCIES:
  - Alamofire (~> 3.4)
  - AlamofireObjectMapper
  - Charts
  - ObjectMapper
  - SwiftyJSON

SPEC CHECKSUMS:
  Alamofire: 01a82e2f6c0f860ade35534c8dd88be61bdef40c
  AlamofireObjectMapper: 2d16585d06177be0116d76de73497e77437798af
  Charts: b48fcc8d7190de910ff9e9748f5360c8ea7856e5
  ObjectMapper: 4eb08a726e9791a93b2632049951b56a7c17e471
  SwiftyJSON: 04ccea08915aa0109039157c7974cf0298da292a

PODFILE CHECKSUM: d5f4a31c16a569878f5fd3bb4bb8cd7fa7a1e472

COCOAPODS: 1.0.1
